
Microsoft Visual Studio Solution File, Format Version 12.00
# Visual Studio Version 16
VisualStudioVersion = 16.0.30413.136
MinimumVisualStudioVersion = 10.0.40219.1
Project("{9A19103F-16F7-4668-BE54-9A1E7A4F7556}") = "IfElseSwitch", "UdemyCourse\IfElseSwitch.csproj", "{9A5FBCAE-4489-4F94-8BFA-FD406DD1EF9E}"
EndProject
Global
	GlobalSection(SolutionConfigurationPlatforms) = preSolution
		Debug|Any CPU = Debug|Any CPU
		Release|Any CPU = Release|Any CPU
	EndGlobalSection
	GlobalSection(ProjectConfigurationPlatforms) = postSolution
		{9A5FBCAE-4489-4F94-8BFA-FD406DD1EF9E}.Debug|Any CPU.ActiveCfg = Debug|Any CPU
		{9A5FBCAE-4489-4F94-8BFA-FD406DD1EF9E}.Debug|Any CPU.Build.0 = Debug|Any CPU
		{9A5FBCAE-4489-4F94-8BFA-FD406DD1EF9E}.Release|Any CPU.ActiveCfg = Release|Any CPU
		{9A5FBCAE-4489-4F94-8BFA-FD406DD1EF9E}.Release|Any CPU.Build.0 = Release|Any CPU
	EndGlobalSection
	GlobalSection(SolutionProperties) = preSolution
		HideSolutionNode = FALSE
	EndGlobalSection
	GlobalSection(ExtensibilityGlobals) = postSolution
		SolutionGuid = {17FE5760-627C-4C49-934F-CFDB47579FD6}
	EndGlobalSection
EndGlobal
